
Microsoft Visual Studio Solution File, Format Version 12.00
# Visual Studio Version 17
VisualStudioVersion = 17.14.36221.1
MinimumVisualStudioVersion = 10.0.40219.1
Project("{2150E333-8FDC-42A3-9474-1A3956D46DE8}") = "SDK", "SDK", "{02EA681E-C7D8-13C7-8484-4AC65E1B71E8}"
	ProjectSection(SolutionItems) = preProject
		sdk\AOI_SDK\.gitignore = sdk\AOI_SDK\.gitignore
		sdk\AOI_SDK\Directory.Build.props = sdk\AOI_SDK\Directory.Build.props
		sdk\AOI_SDK\readme.md = sdk\AOI_SDK\readme.md
	EndProjectSection
EndProject
Project("{8BC9CEB8-8B4A-11D0-8D11-00A0C91BC942}") = "Module_GetPICoaterBackground", "src_native\modules\GetPICoaterBackground\Module_GetPICoaterBackground.vcxproj", "{89631E35-4DE2-4280-BB43-32D6DBDD4840}"
EndProject
Project("{8BC9CEB8-8B4A-11D0-8D11-00A0C91BC942}") = "core_cv", "sdk\AOI_SDK\core_cv\core_cv.vcxproj", "{B39F6111-258B-48F8-8A3E-F940771A4D52}"
EndProject
Project("{8BC9CEB8-8B4A-11D0-8D11-00A0C91BC942}") = "cpp_utils", "sdk\AOI_SDK\cpp_utils\cpp_utils.vcxproj", "{05DB04FC-CC8E-2E92-8736-4D39CC68F27A}"
EndProject
Project("{8BC9CEB8-8B4A-11D0-8D11-00A0C91BC942}") = "core_cv_api", "sdk\AOI_SDK\core_cv_api\core_cv_api.vcxproj", "{F5B38893-304A-4913-A17A-0C63F88FA391}"
EndProject
Project("{8BC9CEB8-8B4A-11D0-8D11-00A0C91BC942}") = "picoater_api", "src_native\c_api\PiCoater_api\PiCoater_api.vcxproj", "{AE695487-606D-41DC-8639-5DB96B92B89C}"
EndProject
Project("{2150E333-8FDC-42A3-9474-1A3956D46DE8}") = "GUI", "GUI", "{045B1682-9917-40A9-8090-B480480CDEB5}"
EndProject
Project("{8BC9CEB8-8B4A-11D0-8D11-00A0C91BC942}") = "core_cv_tests", "sdk\AOI_SDK\core_cv_tests\core_cv_tests.vcxproj", "{77281454-B828-499A-9A88-D9E46249A625}"
	ProjectSection(ProjectDependencies) = postProject
		{05DB04FC-CC8E-2E92-8736-4D39CC68F27A} = {05DB04FC-CC8E-2E92-8736-4D39CC68F27A}
		{B39F6111-258B-48F8-8A3E-F940771A4D52} = {B39F6111-258B-48F8-8A3E-F940771A4D52}
		{D3CC3425-9807-4866-AEB5-1F1DBC49523C} = {D3CC3425-9807-4866-AEB5-1F1DBC49523C}
	EndProjectSection
EndProject
Project("{8BC9CEB8-8B4A-11D0-8D11-00A0C91BC942}") = "picoater_tests", "tests\cpp_test\picoater_tests\picoater_tests.vcxproj", "{87AB434E-F87E-465F-B6E5-5D0625B80059}"
	ProjectSection(ProjectDependencies) = postProject
		{05DB04FC-CC8E-2E92-8736-4D39CC68F27A} = {05DB04FC-CC8E-2E92-8736-4D39CC68F27A}
		{89631E35-4DE2-4280-BB43-32D6DBDD4840} = {89631E35-4DE2-4280-BB43-32D6DBDD4840}
		{B39F6111-258B-48F8-8A3E-F940771A4D52} = {B39F6111-258B-48F8-8A3E-F940771A4D52}
		{D3CC3425-9807-4866-AEB5-1F1DBC49523C} = {D3CC3425-9807-4866-AEB5-1F1DBC49523C}
	EndProjectSection
EndProject
Project("{8BC9CEB8-8B4A-11D0-8D11-00A0C91BC942}") = "framework", "sdk\AOI_SDK\framework\framework.vcxproj", "{D3CC3425-9807-4866-AEB5-1F1DBC49523C}"
EndProject
Project("{2150E333-8FDC-42A3-9474-1A3956D46DE8}") = "PIcoater", "PIcoater", "{7B6C5943-96EB-4AE1-ACF4-A98750620977}"
	ProjectSection(SolutionItems) = preProject
		.gitignore = .gitignore
		Directory.Build.props = Directory.Build.props
		README.md = README.md
	EndProjectSection
EndProject
Project("{2150E333-8FDC-42A3-9474-1A3956D46DE8}") = "GUI", "GUI", "{BF9C6D13-F0E4-4AE4-AB67-40A550EA3F3B}"
EndProject
Project("{FAE04EC0-301F-11D3-BF4B-00C04F79EFBC}") = "AOI.SDK.UI", "sdk\AOI_SDK\src_dotnet\AOI.SDK.UI\AOI.SDK.UI.csproj", "{7BAA4BF0-71C1-4B52-B744-91B3E039870F}"
EndProject
Project("{FAE04EC0-301F-11D3-BF4B-00C04F79EFBC}") = "AOI.SDK.TestApp", "sdk\AOI_SDK\src_dotnet\AOI.SDK.TestApp\AOI.SDK.TestApp.csproj", "{430F061A-C98E-48C7-8013-F830FB781F45}"
	ProjectSection(ProjectDependencies) = postProject
		{F5B38893-304A-4913-A17A-0C63F88FA391} = {F5B38893-304A-4913-A17A-0C63F88FA391}
	EndProjectSection
EndProject
Project("{2150E333-8FDC-42A3-9474-1A3956D46DE8}") = "Code", "Code", "{800258B5-DE95-4A40-92F3-A4644F51D9F9}"
EndProject
Project("{2150E333-8FDC-42A3-9474-1A3956D46DE8}") = "Code", "Code", "{7BD6E3EB-B6A4-40D0-B7F4-96DCCB2798E0}"
EndProject
Project("{FAE04EC0-301F-11D3-BF4B-00C04F79EFBC}") = "AniloxRoll.Monitor", "src_dotnet\AniloxRoll.Monitor\AniloxRoll.Monitor.csproj", "{9A193EE5-9D02-42B4-A3DF-D49D7D13EE9B}"
	ProjectSection(ProjectDependencies) = postProject
		{AE695487-606D-41DC-8639-5DB96B92B89C} = {AE695487-606D-41DC-8639-5DB96B92B89C}
	EndProjectSection
EndProject
Global
	GlobalSection(SolutionConfigurationPlatforms) = preSolution
		Debug|Any CPU = Debug|Any CPU
		Debug|x64 = Debug|x64
		Debug|x86 = Debug|x86
		Release|Any CPU = Release|Any CPU
		Release|x64 = Release|x64
		Release|x86 = Release|x86
	EndGlobalSection
	GlobalSection(ProjectConfigurationPlatforms) = postSolution
		{89631E35-4DE2-4280-BB43-32D6DBDD4840}.Debug|Any CPU.ActiveCfg = Debug|x64
		{89631E35-4DE2-4280-BB43-32D6DBDD4840}.Debug|Any CPU.Build.0 = Debug|x64
		{89631E35-4DE2-4280-BB43-32D6DBDD4840}.Debug|x64.ActiveCfg = Debug|x64
		{89631E35-4DE2-4280-BB43-32D6DBDD4840}.Debug|x64.Build.0 = Debug|x64
		{89631E35-4DE2-4280-BB43-32D6DBDD4840}.Debug|x86.ActiveCfg = Debug|Win32
		{89631E35-4DE2-4280-BB43-32D6DBDD4840}.Debug|x86.Build.0 = Debug|Win32
		{89631E35-4DE2-4280-BB43-32D6DBDD4840}.Release|Any CPU.ActiveCfg = Release|x64
		{89631E35-4DE2-4280-BB43-32D6DBDD4840}.Release|Any CPU.Build.0 = Release|x64
		{89631E35-4DE2-4280-BB43-32D6DBDD4840}.Release|x64.ActiveCfg = Release|x64
		{89631E35-4DE2-4280-BB43-32D6DBDD4840}.Release|x64.Build.0 = Release|x64
		{89631E35-4DE2-4280-BB43-32D6DBDD4840}.Release|x86.ActiveCfg = Release|Win32
		{89631E35-4DE2-4280-BB43-32D6DBDD4840}.Release|x86.Build.0 = Release|Win32
		{B39F6111-258B-48F8-8A3E-F940771A4D52}.Debug|Any CPU.ActiveCfg = Debug|x64
		{B39F6111-258B-48F8-8A3E-F940771A4D52}.Debug|Any CPU.Build.0 = Debug|x64
		{B39F6111-258B-48F8-8A3E-F940771A4D52}.Debug|x64.ActiveCfg = Debug|x64
		{B39F6111-258B-48F8-8A3E-F940771A4D52}.Debug|x64.Build.0 = Debug|x64
		{B39F6111-258B-48F8-8A3E-F940771A4D52}.Debug|x86.ActiveCfg = Debug|Win32
		{B39F6111-258B-48F8-8A3E-F940771A4D52}.Debug|x86.Build.0 = Debug|Win32
		{B39F6111-258B-48F8-8A3E-F940771A4D52}.Release|Any CPU.ActiveCfg = Release|x64
		{B39F6111-258B-48F8-8A3E-F940771A4D52}.Release|Any CPU.Build.0 = Release|x64
		{B39F6111-258B-48F8-8A3E-F940771A4D52}.Release|x64.ActiveCfg = Release|x64
		{B39F6111-258B-48F8-8A3E-F940771A4D52}.Release|x64.Build.0 = Release|x64
		{B39F6111-258B-48F8-8A3E-F940771A4D52}.Release|x86.ActiveCfg = Release|Win32
		{B39F6111-258B-48F8-8A3E-F940771A4D52}.Release|x86.Build.0 = Release|Win32
		{05DB04FC-CC8E-2E92-8736-4D39CC68F27A}.Debug|Any CPU.ActiveCfg = Debug|x64
		{05DB04FC-CC8E-2E92-8736-4D39CC68F27A}.Debug|Any CPU.Build.0 = Debug|x64
		{05DB04FC-CC8E-2E92-8736-4D39CC68F27A}.Debug|x64.ActiveCfg = Debug|x64
		{05DB04FC-CC8E-2E92-8736-4D39CC68F27A}.Debug|x64.Build.0 = Debug|x64
		{05DB04FC-CC8E-2E92-8736-4D39CC68F27A}.Debug|x86.ActiveCfg = Debug|x64
		{05DB04FC-CC8E-2E92-8736-4D39CC68F27A}.Debug|x86.Build.0 = Debug|x64
		{05DB04FC-CC8E-2E92-8736-4D39CC68F27A}.Release|Any CPU.ActiveCfg = Release|x64
		{05DB04FC-CC8E-2E92-8736-4D39CC68F27A}.Release|Any CPU.Build.0 = Release|x64
		{05DB04FC-CC8E-2E92-8736-4D39CC68F27A}.Release|x64.ActiveCfg = Release|x64
		{05DB04FC-CC8E-2E92-8736-4D39CC68F27A}.Release|x64.Build.0 = Release|x64
		{05DB04FC-CC8E-2E92-8736-4D39CC68F27A}.Release|x86.ActiveCfg = Release|x64
		{05DB04FC-CC8E-2E92-8736-4D39CC68F27A}.Release|x86.Build.0 = Release|x64
		{F5B38893-304A-4913-A17A-0C63F88FA391}.Debug|Any CPU.ActiveCfg = Debug|x64
		{F5B38893-304A-4913-A17A-0C63F88FA391}.Debug|Any CPU.Build.0 = Debug|x64
		{F5B38893-304A-4913-A17A-0C63F88FA391}.Debug|x64.ActiveCfg = Debug|x64
		{F5B38893-304A-4913-A17A-0C63F88FA391}.Debug|x64.Build.0 = Debug|x64
		{F5B38893-304A-4913-A17A-0C63F88FA391}.Debug|x86.ActiveCfg = Debug|Win32
		{F5B38893-304A-4913-A17A-0C63F88FA391}.Debug|x86.Build.0 = Debug|Win32
		{F5B38893-304A-4913-A17A-0C63F88FA391}.Release|Any CPU.ActiveCfg = Release|x64
		{F5B38893-304A-4913-A17A-0C63F88FA391}.Release|Any CPU.Build.0 = Release|x64
		{F5B38893-304A-4913-A17A-0C63F88FA391}.Release|x64.ActiveCfg = Release|x64
		{F5B38893-304A-4913-A17A-0C63F88FA391}.Release|x64.Build.0 = Release|x64
		{F5B38893-304A-4913-A17A-0C63F88FA391}.Release|x86.ActiveCfg = Release|Win32
		{F5B38893-304A-4913-A17A-0C63F88FA391}.Release|x86.Build.0 = Release|Win32
		{AE695487-606D-41DC-8639-5DB96B92B89C}.Debug|Any CPU.ActiveCfg = Debug|x64
		{AE695487-606D-41DC-8639-5DB96B92B89C}.Debug|Any CPU.Build.0 = Debug|x64
		{AE695487-606D-41DC-8639-5DB96B92B89C}.Debug|x64.ActiveCfg = Debug|x64
		{AE695487-606D-41DC-8639-5DB96B92B89C}.Debug|x64.Build.0 = Debug|x64
		{AE695487-606D-41DC-8639-5DB96B92B89C}.Debug|x86.ActiveCfg = Debug|Win32
		{AE695487-606D-41DC-8639-5DB96B92B89C}.Debug|x86.Build.0 = Debug|Win32
		{AE695487-606D-41DC-8639-5DB96B92B89C}.Release|Any CPU.ActiveCfg = Release|x64
		{AE695487-606D-41DC-8639-5DB96B92B89C}.Release|Any CPU.Build.0 = Release|x64
		{AE695487-606D-41DC-8639-5DB96B92B89C}.Release|x64.ActiveCfg = Release|x64
		{AE695487-606D-41DC-8639-5DB96B92B89C}.Release|x64.Build.0 = Release|x64
		{AE695487-606D-41DC-8639-5DB96B92B89C}.Release|x86.ActiveCfg = Release|Win32
		{AE695487-606D-41DC-8639-5DB96B92B89C}.Release|x86.Build.0 = Release|Win32
		{77281454-B828-499A-9A88-D9E46249A625}.Debug|Any CPU.ActiveCfg = Debug|x64
		{77281454-B828-499A-9A88-D9E46249A625}.Debug|Any CPU.Build.0 = Debug|x64
		{77281454-B828-499A-9A88-D9E46249A625}.Debug|x64.ActiveCfg = Debug|x64
		{77281454-B828-499A-9A88-D9E46249A625}.Debug|x64.Build.0 = Debug|x64
		{77281454-B828-499A-9A88-D9E46249A625}.Debug|x86.ActiveCfg = Debug|Win32
		{77281454-B828-499A-9A88-D9E46249A625}.Debug|x86.Build.0 = Debug|Win32
		{77281454-B828-499A-9A88-D9E46249A625}.Release|Any CPU.ActiveCfg = Release|x64
		{77281454-B828-499A-9A88-D9E46249A625}.Release|Any CPU.Build.0 = Release|x64
		{77281454-B828-499A-9A88-D9E46249A625}.Release|x64.ActiveCfg = Release|x64
		{77281454-B828-499A-9A88-D9E46249A625}.Release|x64.Build.0 = Release|x64
		{77281454-B828-499A-9A88-D9E46249A625}.Release|x86.ActiveCfg = Release|Win32
		{77281454-B828-499A-9A88-D9E46249A625}.Release|x86.Build.0 = Release|Win32
		{87AB434E-F87E-465F-B6E5-5D0625B80059}.Debug|Any CPU.ActiveCfg = Debug|x64
		{87AB434E-F87E-465F-B6E5-5D0625B80059}.Debug|Any CPU.Build.0 = Debug|x64
		{87AB434E-F87E-465F-B6E5-5D0625B80059}.Debug|x64.ActiveCfg = Debug|x64
		{87AB434E-F87E-465F-B6E5-5D0625B80059}.Debug|x64.Build.0 = Debug|x64
		{87AB434E-F87E-465F-B6E5-5D0625B80059}.Debug|x86.ActiveCfg = Debug|Win32
		{87AB434E-F87E-465F-B6E5-5D0625B80059}.Debug|x86.Build.0 = Debug|Win32
		{87AB434E-F87E-465F-B6E5-5D0625B80059}.Release|Any CPU.ActiveCfg = Release|x64
		{87AB434E-F87E-465F-B6E5-5D0625B80059}.Release|Any CPU.Build.0 = Release|x64
		{87AB434E-F87E-465F-B6E5-5D0625B80059}.Release|x64.ActiveCfg = Release|x64
		{87AB434E-F87E-465F-B6E5-5D0625B80059}.Release|x64.Build.0 = Release|x64
		{87AB434E-F87E-465F-B6E5-5D0625B80059}.Release|x86.ActiveCfg = Release|Win32
		{87AB434E-F87E-465F-B6E5-5D0625B80059}.Release|x86.Build.0 = Release|Win32
		{D3CC3425-9807-4866-AEB5-1F1DBC49523C}.Debug|Any CPU.ActiveCfg = Debug|x64
		{D3CC3425-9807-4866-AEB5-1F1DBC49523C}.Debug|Any CPU.Build.0 = Debug|x64
		{D3CC3425-9807-4866-AEB5-1F1DBC49523C}.Debug|x64.ActiveCfg = Debug|x64
		{D3CC3425-9807-4866-AEB5-1F1DBC49523C}.Debug|x64.Build.0 = Debug|x64
		{D3CC3425-9807-4866-AEB5-1F1DBC49523C}.Debug|x86.ActiveCfg = Debug|Win32
		{D3CC3425-9807-4866-AEB5-1F1DBC49523C}.Debug|x86.Build.0 = Debug|Win32
		{D3CC3425-9807-4866-AEB5-1F1DBC49523C}.Release|Any CPU.ActiveCfg = Release|x64
		{D3CC3425-9807-4866-AEB5-1F1DBC49523C}.Release|Any CPU.Build.0 = Release|x64
		{D3CC3425-9807-4866-AEB5-1F1DBC49523C}.Release|x64.ActiveCfg = Release|x64
		{D3CC3425-9807-4866-AEB5-1F1DBC49523C}.Release|x64.Build.0 = Release|x64
		{D3CC3425-9807-4866-AEB5-1F1DBC49523C}.Release|x86.ActiveCfg = Release|Win32
		{D3CC3425-9807-4866-AEB5-1F1DBC49523C}.Release|x86.Build.0 = Release|Win32
		{7BAA4BF0-71C1-4B52-B744-91B3E039870F}.Debug|Any CPU.ActiveCfg = Debug|Any CPU
		{7BAA4BF0-71C1-4B52-B744-91B3E039870F}.Debug|Any CPU.Build.0 = Debug|Any CPU
		{7BAA4BF0-71C1-4B52-B744-91B3E039870F}.Debug|x64.ActiveCfg = Debug|Any CPU
		{7BAA4BF0-71C1-4B52-B744-91B3E039870F}.Debug|x64.Build.0 = Debug|Any CPU
		{7BAA4BF0-71C1-4B52-B744-91B3E039870F}.Debug|x86.ActiveCfg = Debug|Any CPU
		{7BAA4BF0-71C1-4B52-B744-91B3E039870F}.Debug|x86.Build.0 = Debug|Any CPU
		{7BAA4BF0-71C1-4B52-B744-91B3E039870F}.Release|Any CPU.ActiveCfg = Release|Any CPU
		{7BAA4BF0-71C1-4B52-B744-91B3E039870F}.Release|Any CPU.Build.0 = Release|Any CPU
		{7BAA4BF0-71C1-4B52-B744-91B3E039870F}.Release|x64.ActiveCfg = Release|x64
		{7BAA4BF0-71C1-4B52-B744-91B3E039870F}.Release|x64.Build.0 = Release|x64
		{7BAA4BF0-71C1-4B52-B744-91B3E039870F}.Release|x86.ActiveCfg = Release|Any CPU
		{7BAA4BF0-71C1-4B52-B744-91B3E039870F}.Release|x86.Build.0 = Release|Any CPU
		{430F061A-C98E-48C7-8013-F830FB781F45}.Debug|Any CPU.ActiveCfg = Debug|Any CPU
		{430F061A-C98E-48C7-8013-F830FB781F45}.Debug|Any CPU.Build.0 = Debug|Any CPU
		{430F061A-C98E-48C7-8013-F830FB781F45}.Debug|x64.ActiveCfg = Debug|Any CPU
		{430F061A-C98E-48C7-8013-F830FB781F45}.Debug|x64.Build.0 = Debug|Any CPU
		{430F061A-C98E-48C7-8013-F830FB781F45}.Debug|x86.ActiveCfg = Debug|Any CPU
		{430F061A-C98E-48C7-8013-F830FB781F45}.Debug|x86.Build.0 = Debug|Any CPU
		{430F061A-C98E-48C7-8013-F830FB781F45}.Release|Any CPU.ActiveCfg = Release|Any CPU
		{430F061A-C98E-48C7-8013-F830FB781F45}.Release|Any CPU.Build.0 = Release|Any CPU
		{430F061A-C98E-48C7-8013-F830FB781F45}.Release|x64.ActiveCfg = Release|x64
		{430F061A-C98E-48C7-8013-F830FB781F45}.Release|x64.Build.0 = Release|x64
		{430F061A-C98E-48C7-8013-F830FB781F45}.Release|x86.ActiveCfg = Release|Any CPU
		{430F061A-C98E-48C7-8013-F830FB781F45}.Release|x86.Build.0 = Release|Any CPU
		{9A193EE5-9D02-42B4-A3DF-D49D7D13EE9B}.Debug|Any CPU.ActiveCfg = Debug|Any CPU
		{9A193EE5-9D02-42B4-A3DF-D49D7D13EE9B}.Debug|Any CPU.Build.0 = Debug|Any CPU
		{9A193EE5-9D02-42B4-A3DF-D49D7D13EE9B}.Debug|x64.ActiveCfg = Debug|Any CPU
		{9A193EE5-9D02-42B4-A3DF-D49D7D13EE9B}.Debug|x64.Build.0 = Debug|Any CPU
		{9A193EE5-9D02-42B4-A3DF-D49D7D13EE9B}.Debug|x86.ActiveCfg = Debug|Any CPU
		{9A193EE5-9D02-42B4-A3DF-D49D7D13EE9B}.Debug|x86.Build.0 = Debug|Any CPU
		{9A193EE5-9D02-42B4-A3DF-D49D7D13EE9B}.Release|Any CPU.ActiveCfg = Release|Any CPU
		{9A193EE5-9D02-42B4-A3DF-D49D7D13EE9B}.Release|Any CPU.Build.0 = Release|Any CPU
		{9A193EE5-9D02-42B4-A3DF-D49D7D13EE9B}.Release|x64.ActiveCfg = Release|x64
		{9A193EE5-9D02-42B4-A3DF-D49D7D13EE9B}.Release|x64.Build.0 = Release|x64
		{9A193EE5-9D02-42B4-A3DF-D49D7D13EE9B}.Release|x86.ActiveCfg = Release|Any CPU
		{9A193EE5-9D02-42B4-A3DF-D49D7D13EE9B}.Release|x86.Build.0 = Release|Any CPU
	EndGlobalSection
	GlobalSection(SolutionProperties) = preSolution
		HideSolutionNode = FALSE
	EndGlobalSection
	GlobalSection(NestedProjects) = preSolution
		{89631E35-4DE2-4280-BB43-32D6DBDD4840} = {800258B5-DE95-4A40-92F3-A4644F51D9F9}
		{B39F6111-258B-48F8-8A3E-F940771A4D52} = {7BD6E3EB-B6A4-40D0-B7F4-96DCCB2798E0}
		{05DB04FC-CC8E-2E92-8736-4D39CC68F27A} = {7BD6E3EB-B6A4-40D0-B7F4-96DCCB2798E0}
		{F5B38893-304A-4913-A17A-0C63F88FA391} = {7BD6E3EB-B6A4-40D0-B7F4-96DCCB2798E0}
		{AE695487-606D-41DC-8639-5DB96B92B89C} = {800258B5-DE95-4A40-92F3-A4644F51D9F9}
		{045B1682-9917-40A9-8090-B480480CDEB5} = {7B6C5943-96EB-4AE1-ACF4-A98750620977}
		{77281454-B828-499A-9A88-D9E46249A625} = {7BD6E3EB-B6A4-40D0-B7F4-96DCCB2798E0}
		{87AB434E-F87E-465F-B6E5-5D0625B80059} = {800258B5-DE95-4A40-92F3-A4644F51D9F9}
		{D3CC3425-9807-4866-AEB5-1F1DBC49523C} = {7BD6E3EB-B6A4-40D0-B7F4-96DCCB2798E0}
		{BF9C6D13-F0E4-4AE4-AB67-40A550EA3F3B} = {02EA681E-C7D8-13C7-8484-4AC65E1B71E8}
		{7BAA4BF0-71C1-4B52-B744-91B3E039870F} = {BF9C6D13-F0E4-4AE4-AB67-40A550EA3F3B}
		{430F061A-C98E-48C7-8013-F830FB781F45} = {BF9C6D13-F0E4-4AE4-AB67-40A550EA3F3B}
		{800258B5-DE95-4A40-92F3-A4644F51D9F9} = {7B6C5943-96EB-4AE1-ACF4-A98750620977}
		{7BD6E3EB-B6A4-40D0-B7F4-96DCCB2798E0} = {02EA681E-C7D8-13C7-8484-4AC65E1B71E8}
		{9A193EE5-9D02-42B4-A3DF-D49D7D13EE9B} = {045B1682-9917-40A9-8090-B480480CDEB5}
	EndGlobalSection
	GlobalSection(ExtensibilityGlobals) = postSolution
		SolutionGuid = {7740A437-AC6B-4FD7-8E8F-6AB368D15162}
	EndGlobalSection
EndGlobal
