Microsoft Visual Studio Solution File, Format Version 12.00
# Visual Studio Version 17
VisualStudioVersion = 17.14.36221.1
MinimumVisualStudioVersion = 10.0.40219.1
Project("{2150E333-8FDC-42A3-9474-1A3956D46DE8}") = "src", "src", "{A0000001-0000-0000-0000-000000000001}"
EndProject
Project("{2150E333-8FDC-42A3-9474-1A3956D46DE8}") = "sdk", "sdk", "{A0000002-0000-0000-0000-000000000002}"
EndProject
Project("{2150E333-8FDC-42A3-9474-1A3956D46DE8}") = "TanukiCv", "TanukiCv", "{A0000003-0000-0000-0000-000000000003}"
	ProjectSection(SolutionItems) = preProject
		sdk\TanukiCv\.gitignore = sdk\TanukiCv\.gitignore
		sdk\TanukiCv\Directory.Build.props = sdk\TanukiCv\Directory.Build.props
		sdk\TanukiCv\README.md = sdk\TanukiCv\README.md
	EndProjectSection
EndProject
Project("{2150E333-8FDC-42A3-9474-1A3956D46DE8}") = "Bridges", "Bridges", "{A0000004-0000-0000-0000-000000000004}"
EndProject
Project("{2150E333-8FDC-42A3-9474-1A3956D46DE8}") = "MIL", "MIL", "{A0000005-0000-0000-0000-000000000005}"
EndProject
Project("{2150E333-8FDC-42A3-9474-1A3956D46DE8}") = "tests", "tests", "{A0000006-0000-0000-0000-000000000006}"
EndProject
Project("{2150E333-8FDC-42A3-9474-1A3956D46DE8}") = "Solution Items", "Solution Items", "{A0000007-0000-0000-0000-000000000007}"
	ProjectSection(SolutionItems) = preProject
		.gitignore = .gitignore
		Directory.Build.props = Directory.Build.props
		README.md = README.md
	EndProjectSection
EndProject
Project("{FAE04EC0-301F-11D3-BF4B-00C04F79EFBC}") = "AniloxRoll.Monitor", "src\dotnet\AniloxRoll.Monitor\AniloxRoll.Monitor.csproj", "{9A193EE5-9D02-42B4-A3DF-D49D7D13EE9B}"
	ProjectSection(ProjectDependencies) = postProject
		{AE695487-606D-41DC-8639-5DB96B92B89C} = {AE695487-606D-41DC-8639-5DB96B92B89C}
		{F5B38893-304A-4913-A17A-0C63F88FA391} = {F5B38893-304A-4913-A17A-0C63F88FA391}
		{A1B2C3D4-1111-2222-3333-444455556666} = {A1B2C3D4-1111-2222-3333-444455556666}
		{B2C3D4E5-6F70-4A81-9B2C-3D4E5F607182} = {B2C3D4E5-6F70-4A81-9B2C-3D4E5F607182}
	EndProjectSection
EndProject
Project("{8BC9CEB8-8B4A-11D0-8D11-00A0C91BC942}") = "picoater_api", "src\native\c_api\PiCoater_api\PiCoater_api.vcxproj", "{AE695487-606D-41DC-8639-5DB96B92B89C}"
EndProject
Project("{8BC9CEB8-8B4A-11D0-8D11-00A0C91BC942}") = "get_picoater_background", "src\native\modules\get_picoater_background\get_picoater_background.vcxproj", "{89631E35-4DE2-4280-BB43-32D6DBDD4840}"
EndProject
Project("{8BC9CEB8-8B4A-11D0-8D11-00A0C91BC942}") = "picoater_pipeline_benchmark", "src\native\benchmark\picoater_pipeline_benchmark\picoater_pipeline_benchmark.vcxproj", "{87AB434E-F87E-465F-B6E5-5D0625B80059}"
	ProjectSection(ProjectDependencies) = postProject
		{05DB04FC-CC8E-2E92-8736-4D39CC68F27A} = {05DB04FC-CC8E-2E92-8736-4D39CC68F27A}
		{89631E35-4DE2-4280-BB43-32D6DBDD4840} = {89631E35-4DE2-4280-BB43-32D6DBDD4840}
		{B39F6111-258B-48F8-8A3E-F940771A4D52} = {B39F6111-258B-48F8-8A3E-F940771A4D52}
		{D3CC3425-9807-4866-AEB5-1F1DBC49523C} = {D3CC3425-9807-4866-AEB5-1F1DBC49523C}
	EndProjectSection
EndProject
Project("{FAE04EC0-301F-11D3-BF4B-00C04F79EFBC}") = "TanukiCv.Core", "sdk\TanukiCv\dotnet\TanukiCv.Core\TanukiCv.Core.csproj", "{27263C11-7FEF-4076-A2F1-F412BB496DF3}"
EndProject
Project("{FAE04EC0-301F-11D3-BF4B-00C04F79EFBC}") = "TanukiCv.Controls", "sdk\TanukiCv\dotnet\TanukiCv.Controls\TanukiCv.Controls.csproj", "{3655F7A3-8DF1-4541-82AE-2FD4FE5A397F}"
EndProject
Project("{8BC9CEB8-8B4A-11D0-8D11-00A0C91BC942}") = "core_cv", "sdk\TanukiCv\native\core_cv\core_cv.vcxproj", "{B39F6111-258B-48F8-8A3E-F940771A4D52}"
EndProject
Project("{8BC9CEB8-8B4A-11D0-8D11-00A0C91BC942}") = "cpp_utils", "sdk\TanukiCv\native\cpp_utils\cpp_utils.vcxproj", "{05DB04FC-CC8E-2E92-8736-4D39CC68F27A}"
EndProject
Project("{8BC9CEB8-8B4A-11D0-8D11-00A0C91BC942}") = "core_cv_api", "sdk\TanukiCv\native\core_cv_api\core_cv_api.vcxproj", "{F5B38893-304A-4913-A17A-0C63F88FA391}"
EndProject
Project("{8BC9CEB8-8B4A-11D0-8D11-00A0C91BC942}") = "core_cv_benchmark", "sdk\TanukiCv\benchmark\core_cv_benchmark\core_cv_benchmark.vcxproj", "{77281454-B828-499A-9A88-D9E46249A625}"
	ProjectSection(ProjectDependencies) = postProject
		{05DB04FC-CC8E-2E92-8736-4D39CC68F27A} = {05DB04FC-CC8E-2E92-8736-4D39CC68F27A}
		{B39F6111-258B-48F8-8A3E-F940771A4D52} = {B39F6111-258B-48F8-8A3E-F940771A4D52}
		{D3CC3425-9807-4866-AEB5-1F1DBC49523C} = {D3CC3425-9807-4866-AEB5-1F1DBC49523C}
	EndProjectSection
EndProject
Project("{8BC9CEB8-8B4A-11D0-8D11-00A0C91BC942}") = "bench_framework", "sdk\TanukiCv\benchmark\bench_framework\bench_framework.vcxproj", "{D3CC3425-9807-4866-AEB5-1F1DBC49523C}"
EndProject
Project("{FAE04EC0-301F-11D3-BF4B-00C04F79EFBC}") = "IoBridge.Core", "sdk\Bridges\IoBridge\IoBridge.Core\IoBridge.Core.csproj", "{A1B2C3D4-1111-2222-3333-444455556666}"
EndProject
Project("{FAE04EC0-301F-11D3-BF4B-00C04F79EFBC}") = "LightBridge.Core", "sdk\Bridges\LightBridge\LightBridge.Core\LightBridge.Core.csproj", "{C2D3E4F5-3333-4444-5555-666677778888}"
EndProject
Project("{FAE04EC0-301F-11D3-BF4B-00C04F79EFBC}") = "StorageBridge.Core", "sdk\Bridges\StorageBridge\StorageBridge.Core\StorageBridge.Core.csproj", "{D3E4F5A6-4444-5555-6666-777788889999}"
EndProject
Project("{FAE04EC0-301F-11D3-BF4B-00C04F79EFBC}") = "MilGrabber.Core", "sdk\MIL\MilGrabber.Core\MilGrabber.Core.csproj", "{B2C3D4E5-6F70-4A81-9B2C-3D4E5F607182}"
EndProject
Project("{FAE04EC0-301F-11D3-BF4B-00C04F79EFBC}") = "MilGrabber.Monitor", "sdk\MIL\samples\MilGrabber.Monitor\MilGrabber.Monitor.csproj", "{846F1ADB-1879-476B-A963-267CC17DC219}"
EndProject
Project("{FAE04EC0-301F-11D3-BF4B-00C04F79EFBC}") = "MilGrabber.PictureBox", "sdk\MIL\samples\MilGrabber.PictureBox\MilGrabber.PictureBox.csproj", "{3F8B2D17-6C49-4E2A-A1B5-9D0E4C7F26A3}"
EndProject
Project("{FAE04EC0-301F-11D3-BF4B-00C04F79EFBC}") = "AniloxRoll.Monitor.Tests", "tests\AniloxRoll.Monitor.Tests\AniloxRoll.Monitor.Tests.csproj", "{C481DC6D-5350-4633-94C2-0665A10F7A5C}"
EndProject
Project("{FAE04EC0-301F-11D3-BF4B-00C04F79EFBC}") = "AniloxRoll.Monitor.Integration.Tests", "tests\AniloxRoll.Monitor.Integration.Tests\AniloxRoll.Monitor.Integration.Tests.csproj", "{E4F5A6B7-5555-6666-7777-88889999AAAA}"
EndProject
Project("{FAE04EC0-301F-11D3-BF4B-00C04F79EFBC}") = "AniloxRoll.Monitor.Stress.Tests", "tests\AniloxRoll.Monitor.Stress.Tests\AniloxRoll.Monitor.Stress.Tests.csproj", "{F5A6B7C8-6666-7777-8888-9999AAAABBBB}"
EndProject
Project("{FAE04EC0-301F-11D3-BF4B-00C04F79EFBC}") = "IoBridge.ManualControl", "sdk\Bridges\IoBridge\samples\ManualControl\IoBridge.ManualControl.csproj", "{B2C3D4E5-2222-3333-4444-555566667777}"
EndProject
Project("{FAE04EC0-301F-11D3-BF4B-00C04F79EFBC}") = "IoBridge.Automation", "sdk\Bridges\IoBridge\samples\Automation\IoBridge.Automation.csproj", "{C3D4E5F6-3333-4444-5555-666677778888}"
EndProject
Project("{FAE04EC0-301F-11D3-BF4B-00C04F79EFBC}") = "LightBridge.Control", "sdk\Bridges\LightBridge\samples\LightControl\LightBridge.Control.csproj", "{D4E5F6A7-4444-5555-6666-777788889999}"
EndProject
Project("{FAE04EC0-301F-11D3-BF4B-00C04F79EFBC}") = "StorageBridge.Control", "sdk\Bridges\StorageBridge\samples\StorageControl\StorageBridge.Control.csproj", "{E5F6A7B8-5555-6666-7777-888899990000}"
EndProject
Project("{FAE04EC0-301F-11D3-BF4B-00C04F79EFBC}") = "TanukiCv.SysInfoTool", "sdk\TanukiCv\samples\TanukiCv.SysInfoTool\TanukiCv.SysInfoTool.csproj", "{7B9E2F14-3C5A-4D6E-8F10-2A3B4C5D6E7F}"
EndProject
Global
	GlobalSection(SolutionConfigurationPlatforms) = preSolution
		Release|x64 = Release|x64
	EndGlobalSection
	GlobalSection(ProjectConfigurationPlatforms) = postSolution
		{89631E35-4DE2-4280-BB43-32D6DBDD4840}.Release|x64.ActiveCfg = Release|x64
		{89631E35-4DE2-4280-BB43-32D6DBDD4840}.Release|x64.Build.0 = Release|x64
		{B39F6111-258B-48F8-8A3E-F940771A4D52}.Release|x64.ActiveCfg = Release|x64
		{B39F6111-258B-48F8-8A3E-F940771A4D52}.Release|x64.Build.0 = Release|x64
		{05DB04FC-CC8E-2E92-8736-4D39CC68F27A}.Release|x64.ActiveCfg = Release|x64
		{05DB04FC-CC8E-2E92-8736-4D39CC68F27A}.Release|x64.Build.0 = Release|x64
		{F5B38893-304A-4913-A17A-0C63F88FA391}.Release|x64.ActiveCfg = Release|x64
		{F5B38893-304A-4913-A17A-0C63F88FA391}.Release|x64.Build.0 = Release|x64
		{AE695487-606D-41DC-8639-5DB96B92B89C}.Release|x64.ActiveCfg = Release|x64
		{AE695487-606D-41DC-8639-5DB96B92B89C}.Release|x64.Build.0 = Release|x64
		{77281454-B828-499A-9A88-D9E46249A625}.Release|x64.ActiveCfg = Release|x64
		{77281454-B828-499A-9A88-D9E46249A625}.Release|x64.Build.0 = Release|x64
		{87AB434E-F87E-465F-B6E5-5D0625B80059}.Release|x64.ActiveCfg = Release|x64
		{87AB434E-F87E-465F-B6E5-5D0625B80059}.Release|x64.Build.0 = Release|x64
		{D3CC3425-9807-4866-AEB5-1F1DBC49523C}.Release|x64.ActiveCfg = Release|x64
		{D3CC3425-9807-4866-AEB5-1F1DBC49523C}.Release|x64.Build.0 = Release|x64
		{A1B2C3D4-1111-2222-3333-444455556666}.Release|x64.ActiveCfg = Release|x64
		{A1B2C3D4-1111-2222-3333-444455556666}.Release|x64.Build.0 = Release|x64
		{C2D3E4F5-3333-4444-5555-666677778888}.Release|x64.ActiveCfg = Release|x64
		{C2D3E4F5-3333-4444-5555-666677778888}.Release|x64.Build.0 = Release|x64
		{D3E4F5A6-4444-5555-6666-777788889999}.Release|x64.ActiveCfg = Release|x64
		{D3E4F5A6-4444-5555-6666-777788889999}.Release|x64.Build.0 = Release|x64
		{9A193EE5-9D02-42B4-A3DF-D49D7D13EE9B}.Release|x64.ActiveCfg = Release|x64
		{9A193EE5-9D02-42B4-A3DF-D49D7D13EE9B}.Release|x64.Build.0 = Release|x64
		{27263C11-7FEF-4076-A2F1-F412BB496DF3}.Release|x64.ActiveCfg = Release|x64
		{27263C11-7FEF-4076-A2F1-F412BB496DF3}.Release|x64.Build.0 = Release|x64
		{3655F7A3-8DF1-4541-82AE-2FD4FE5A397F}.Release|x64.ActiveCfg = Release|x64
		{3655F7A3-8DF1-4541-82AE-2FD4FE5A397F}.Release|x64.Build.0 = Release|x64
		{C481DC6D-5350-4633-94C2-0665A10F7A5C}.Release|x64.ActiveCfg = Release|x64
		{C481DC6D-5350-4633-94C2-0665A10F7A5C}.Release|x64.Build.0 = Release|x64
		{E4F5A6B7-5555-6666-7777-88889999AAAA}.Release|x64.ActiveCfg = Release|x64
		{E4F5A6B7-5555-6666-7777-88889999AAAA}.Release|x64.Build.0 = Release|x64
		{F5A6B7C8-6666-7777-8888-9999AAAABBBB}.Release|x64.ActiveCfg = Release|x64
		{F5A6B7C8-6666-7777-8888-9999AAAABBBB}.Release|x64.Build.0 = Release|x64
		{B2C3D4E5-6F70-4A81-9B2C-3D4E5F607182}.Release|x64.ActiveCfg = Release|x64
		{B2C3D4E5-6F70-4A81-9B2C-3D4E5F607182}.Release|x64.Build.0 = Release|x64
		{846F1ADB-1879-476B-A963-267CC17DC219}.Release|x64.ActiveCfg = Release|x64
		{846F1ADB-1879-476B-A963-267CC17DC219}.Release|x64.Build.0 = Release|x64
		{3F8B2D17-6C49-4E2A-A1B5-9D0E4C7F26A3}.Release|x64.ActiveCfg = Release|x64
		{3F8B2D17-6C49-4E2A-A1B5-9D0E4C7F26A3}.Release|x64.Build.0 = Release|x64
		{7B9E2F14-3C5A-4D6E-8F10-2A3B4C5D6E7F}.Release|x64.ActiveCfg = Release|x64
		{7B9E2F14-3C5A-4D6E-8F10-2A3B4C5D6E7F}.Release|x64.Build.0 = Release|x64
		{B2C3D4E5-2222-3333-4444-555566667777}.Release|x64.ActiveCfg = Release|x64
		{B2C3D4E5-2222-3333-4444-555566667777}.Release|x64.Build.0 = Release|x64
		{C3D4E5F6-3333-4444-5555-666677778888}.Release|x64.ActiveCfg = Release|x64
		{C3D4E5F6-3333-4444-5555-666677778888}.Release|x64.Build.0 = Release|x64
		{D4E5F6A7-4444-5555-6666-777788889999}.Release|x64.ActiveCfg = Release|x64
		{D4E5F6A7-4444-5555-6666-777788889999}.Release|x64.Build.0 = Release|x64
		{E5F6A7B8-5555-6666-7777-888899990000}.Release|x64.ActiveCfg = Release|x64
		{E5F6A7B8-5555-6666-7777-888899990000}.Release|x64.Build.0 = Release|x64
	EndGlobalSection
	GlobalSection(SolutionProperties) = preSolution
		HideSolutionNode = FALSE
	EndGlobalSection
	GlobalSection(NestedProjects) = preSolution
		{A0000003-0000-0000-0000-000000000003} = {A0000002-0000-0000-0000-000000000002}
		{A0000004-0000-0000-0000-000000000004} = {A0000002-0000-0000-0000-000000000002}
		{A0000005-0000-0000-0000-000000000005} = {A0000002-0000-0000-0000-000000000002}
		{9A193EE5-9D02-42B4-A3DF-D49D7D13EE9B} = {A0000001-0000-0000-0000-000000000001}
		{AE695487-606D-41DC-8639-5DB96B92B89C} = {A0000001-0000-0000-0000-000000000001}
		{89631E35-4DE2-4280-BB43-32D6DBDD4840} = {A0000001-0000-0000-0000-000000000001}
		{87AB434E-F87E-465F-B6E5-5D0625B80059} = {A0000001-0000-0000-0000-000000000001}
		{27263C11-7FEF-4076-A2F1-F412BB496DF3} = {A0000003-0000-0000-0000-000000000003}
		{3655F7A3-8DF1-4541-82AE-2FD4FE5A397F} = {A0000003-0000-0000-0000-000000000003}
		{B39F6111-258B-48F8-8A3E-F940771A4D52} = {A0000003-0000-0000-0000-000000000003}
		{05DB04FC-CC8E-2E92-8736-4D39CC68F27A} = {A0000003-0000-0000-0000-000000000003}
		{F5B38893-304A-4913-A17A-0C63F88FA391} = {A0000003-0000-0000-0000-000000000003}
		{77281454-B828-499A-9A88-D9E46249A625} = {A0000003-0000-0000-0000-000000000003}
		{D3CC3425-9807-4866-AEB5-1F1DBC49523C} = {A0000003-0000-0000-0000-000000000003}
		{7B9E2F14-3C5A-4D6E-8F10-2A3B4C5D6E7F} = {A0000003-0000-0000-0000-000000000003}
		{A1B2C3D4-1111-2222-3333-444455556666} = {A0000004-0000-0000-0000-000000000004}
		{C2D3E4F5-3333-4444-5555-666677778888} = {A0000004-0000-0000-0000-000000000004}
		{D3E4F5A6-4444-5555-6666-777788889999} = {A0000004-0000-0000-0000-000000000004}
		{B2C3D4E5-2222-3333-4444-555566667777} = {A0000004-0000-0000-0000-000000000004}
		{C3D4E5F6-3333-4444-5555-666677778888} = {A0000004-0000-0000-0000-000000000004}
		{D4E5F6A7-4444-5555-6666-777788889999} = {A0000004-0000-0000-0000-000000000004}
		{E5F6A7B8-5555-6666-7777-888899990000} = {A0000004-0000-0000-0000-000000000004}
		{B2C3D4E5-6F70-4A81-9B2C-3D4E5F607182} = {A0000005-0000-0000-0000-000000000005}
		{846F1ADB-1879-476B-A963-267CC17DC219} = {A0000005-0000-0000-0000-000000000005}
		{3F8B2D17-6C49-4E2A-A1B5-9D0E4C7F26A3} = {A0000005-0000-0000-0000-000000000005}
		{C481DC6D-5350-4633-94C2-0665A10F7A5C} = {A0000006-0000-0000-0000-000000000006}
		{E4F5A6B7-5555-6666-7777-88889999AAAA} = {A0000006-0000-0000-0000-000000000006}
		{F5A6B7C8-6666-7777-8888-9999AAAABBBB} = {A0000006-0000-0000-0000-000000000006}
	EndGlobalSection
	GlobalSection(ExtensibilityGlobals) = postSolution
		SolutionGuid = {7740A437-AC6B-4FD7-8E8F-6AB368D15162}
	EndGlobalSection
EndGlobal
