
Microsoft Visual Studio Solution File, Format Version 12.00
# Visual Studio Version 17
VisualStudioVersion = 17.14.36221.1
MinimumVisualStudioVersion = 10.0.40219.1
Project("{FAE04EC0-301F-11D3-BF4B-00C04F79EFBC}") = "Envision_MdigGrab", "Envision_MdigGrab\Envision_MdigGrab.csproj", "{3673D056-EC7F-443F-9DF3-4A6B185DFBC2}"
EndProject
Global
	GlobalSection(SolutionConfigurationPlatforms) = preSolution
		Debug|Any CPU = Debug|Any CPU
		Debug|x64 = Debug|x64
		Release|Any CPU = Release|Any CPU
		Release|x64 = Release|x64
	EndGlobalSection
	GlobalSection(ProjectConfigurationPlatforms) = postSolution
		{3673D056-EC7F-443F-9DF3-4A6B185DFBC2}.Debug|Any CPU.ActiveCfg = Debug|Any CPU
		{3673D056-EC7F-443F-9DF3-4A6B185DFBC2}.Debug|Any CPU.Build.0 = Debug|Any CPU
		{3673D056-EC7F-443F-9DF3-4A6B185DFBC2}.Debug|x64.ActiveCfg = Debug|x64
		{3673D056-EC7F-443F-9DF3-4A6B185DFBC2}.Debug|x64.Build.0 = Debug|x64
		{3673D056-EC7F-443F-9DF3-4A6B185DFBC2}.Release|Any CPU.ActiveCfg = Release|Any CPU
		{3673D056-EC7F-443F-9DF3-4A6B185DFBC2}.Release|Any CPU.Build.0 = Release|Any CPU
		{3673D056-EC7F-443F-9DF3-4A6B185DFBC2}.Release|x64.ActiveCfg = Release|x64
		{3673D056-EC7F-443F-9DF3-4A6B185DFBC2}.Release|x64.Build.0 = Release|x64
	EndGlobalSection
	GlobalSection(SolutionProperties) = preSolution
		HideSolutionNode = FALSE
	EndGlobalSection
	GlobalSection(ExtensibilityGlobals) = postSolution
		SolutionGuid = {DE7C5E52-0EEB-4432-9397-B98139E77106}
	EndGlobalSection
EndGlobal
