
Microsoft Visual Studio Solution File, Format Version 12.00
# Visual Studio Version 17
VisualStudioVersion = 17.0.31903.59
MinimumVisualStudioVersion = 10.0.40219.1
Project("{2150E333-8FDC-42A3-9474-1A3956D46DE8}") = "Bridges", "Bridges", "{0E9D71F1-5678-54DC-77CD-11FF0BA0EA66}"
EndProject
Project("{2150E333-8FDC-42A3-9474-1A3956D46DE8}") = "IoBridge", "IoBridge", "{5E094FAA-43C7-3D07-BAB3-3260531500CA}"
EndProject
Project("{2150E333-8FDC-42A3-9474-1A3956D46DE8}") = "examples", "examples", "{7B94C0EE-4B9B-4045-533E-0FA97D0ECAF3}"
EndProject
Project("{2150E333-8FDC-42A3-9474-1A3956D46DE8}") = "ManualControl", "ManualControl", "{DD8DAB2C-F869-35F8-4D32-33D7CE6F2224}"
EndProject
Project("{FAE04EC0-301F-11D3-BF4B-00C04F79EFBC}") = "IoBridge.ManualControl", "Bridges\IoBridge\examples\ManualControl\IoBridge.ManualControl.csproj", "{B2C3D4E5-2222-3333-4444-555566667777}"
EndProject
Project("{FAE04EC0-301F-11D3-BF4B-00C04F79EFBC}") = "IoBridge.Automation", "Bridges\IoBridge\examples\Automation\IoBridge.Automation.csproj", "{C3D4E5F6-3333-4444-5555-666677778888}"
EndProject
Project("{FAE04EC0-301F-11D3-BF4B-00C04F79EFBC}") = "LightBridge.Control", "Bridges\LightBridge\examples\LightControl\LightBridge.Control.csproj", "{D4E5F6A7-4444-5555-6666-777788889999}"
EndProject
Project("{FAE04EC0-301F-11D3-BF4B-00C04F79EFBC}") = "IoBridge.Core", "Bridges\IoBridge\IoBridge.Core\IoBridge.Core.csproj", "{A1B2C3D4-1111-2222-3333-444455556666}"
EndProject
Project("{FAE04EC0-301F-11D3-BF4B-00C04F79EFBC}") = "LightBridge.Core", "Bridges\LightBridge\LightBridge.Core\LightBridge.Core.csproj", "{C2D3E4F5-3333-4444-5555-666677778888}"
EndProject
Project("{2150E333-8FDC-42A3-9474-1A3956D46DE8}") = "StorageBridge", "StorageBridge", "{1E154EDD-EB29-E9C2-826E-B45421868A1E}"
EndProject
Project("{2150E333-8FDC-42A3-9474-1A3956D46DE8}") = "examples", "examples", "{8823635A-11F2-8853-0E13-2F50412DFD9B}"
EndProject
Project("{2150E333-8FDC-42A3-9474-1A3956D46DE8}") = "StorageControl", "StorageControl", "{33CB4B5D-F133-86A3-2DB5-6876CD873051}"
EndProject
Project("{FAE04EC0-301F-11D3-BF4B-00C04F79EFBC}") = "StorageBridge.Control", "Bridges\StorageBridge\examples\StorageControl\StorageBridge.Control.csproj", "{E5F6A7B8-5555-6666-7777-888899990000}"
EndProject
Project("{FAE04EC0-301F-11D3-BF4B-00C04F79EFBC}") = "StorageBridge.Core", "Bridges\StorageBridge\StorageBridge.Core\StorageBridge.Core.csproj", "{D3E4F5A6-4444-5555-6666-777788889999}"
EndProject
Global
	GlobalSection(SolutionConfigurationPlatforms) = preSolution
		Debug|Any CPU = Debug|Any CPU
		Debug|x64 = Debug|x64
		Debug|x86 = Debug|x86
		Release|Any CPU = Release|Any CPU
		Release|x64 = Release|x64
		Release|x86 = Release|x86
	EndGlobalSection
	GlobalSection(ProjectConfigurationPlatforms) = postSolution
		{B2C3D4E5-2222-3333-4444-555566667777}.Debug|Any CPU.ActiveCfg = Debug|Any CPU
		{B2C3D4E5-2222-3333-4444-555566667777}.Debug|Any CPU.Build.0 = Debug|Any CPU
		{B2C3D4E5-2222-3333-4444-555566667777}.Debug|x64.ActiveCfg = Debug|Any CPU
		{B2C3D4E5-2222-3333-4444-555566667777}.Debug|x64.Build.0 = Debug|Any CPU
		{B2C3D4E5-2222-3333-4444-555566667777}.Debug|x86.ActiveCfg = Debug|Any CPU
		{B2C3D4E5-2222-3333-4444-555566667777}.Debug|x86.Build.0 = Debug|Any CPU
		{B2C3D4E5-2222-3333-4444-555566667777}.Release|Any CPU.ActiveCfg = Release|Any CPU
		{B2C3D4E5-2222-3333-4444-555566667777}.Release|Any CPU.Build.0 = Release|Any CPU
		{B2C3D4E5-2222-3333-4444-555566667777}.Release|x64.ActiveCfg = Release|x64
		{B2C3D4E5-2222-3333-4444-555566667777}.Release|x64.Build.0 = Release|x64
		{B2C3D4E5-2222-3333-4444-555566667777}.Release|x86.ActiveCfg = Release|Any CPU
		{B2C3D4E5-2222-3333-4444-555566667777}.Release|x86.Build.0 = Release|Any CPU
		{C3D4E5F6-3333-4444-5555-666677778888}.Debug|Any CPU.ActiveCfg = Debug|Any CPU
		{C3D4E5F6-3333-4444-5555-666677778888}.Debug|Any CPU.Build.0 = Debug|Any CPU
		{C3D4E5F6-3333-4444-5555-666677778888}.Debug|x64.ActiveCfg = Debug|Any CPU
		{C3D4E5F6-3333-4444-5555-666677778888}.Debug|x64.Build.0 = Debug|Any CPU
		{C3D4E5F6-3333-4444-5555-666677778888}.Debug|x86.ActiveCfg = Debug|Any CPU
		{C3D4E5F6-3333-4444-5555-666677778888}.Debug|x86.Build.0 = Debug|Any CPU
		{C3D4E5F6-3333-4444-5555-666677778888}.Release|Any CPU.ActiveCfg = Release|Any CPU
		{C3D4E5F6-3333-4444-5555-666677778888}.Release|Any CPU.Build.0 = Release|Any CPU
		{C3D4E5F6-3333-4444-5555-666677778888}.Release|x64.ActiveCfg = Release|x64
		{C3D4E5F6-3333-4444-5555-666677778888}.Release|x64.Build.0 = Release|x64
		{C3D4E5F6-3333-4444-5555-666677778888}.Release|x86.ActiveCfg = Release|Any CPU
		{C3D4E5F6-3333-4444-5555-666677778888}.Release|x86.Build.0 = Release|Any CPU
		{D4E5F6A7-4444-5555-6666-777788889999}.Debug|Any CPU.ActiveCfg = Debug|Any CPU
		{D4E5F6A7-4444-5555-6666-777788889999}.Debug|Any CPU.Build.0 = Debug|Any CPU
		{D4E5F6A7-4444-5555-6666-777788889999}.Debug|x64.ActiveCfg = Debug|Any CPU
		{D4E5F6A7-4444-5555-6666-777788889999}.Debug|x64.Build.0 = Debug|Any CPU
		{D4E5F6A7-4444-5555-6666-777788889999}.Debug|x86.ActiveCfg = Debug|Any CPU
		{D4E5F6A7-4444-5555-6666-777788889999}.Debug|x86.Build.0 = Debug|Any CPU
		{D4E5F6A7-4444-5555-6666-777788889999}.Release|Any CPU.ActiveCfg = Release|Any CPU
		{D4E5F6A7-4444-5555-6666-777788889999}.Release|Any CPU.Build.0 = Release|Any CPU
		{D4E5F6A7-4444-5555-6666-777788889999}.Release|x64.ActiveCfg = Release|x64
		{D4E5F6A7-4444-5555-6666-777788889999}.Release|x64.Build.0 = Release|x64
		{D4E5F6A7-4444-5555-6666-777788889999}.Release|x86.ActiveCfg = Release|Any CPU
		{D4E5F6A7-4444-5555-6666-777788889999}.Release|x86.Build.0 = Release|Any CPU
		{A1B2C3D4-1111-2222-3333-444455556666}.Debug|Any CPU.ActiveCfg = Debug|Any CPU
		{A1B2C3D4-1111-2222-3333-444455556666}.Debug|Any CPU.Build.0 = Debug|Any CPU
		{A1B2C3D4-1111-2222-3333-444455556666}.Debug|x64.ActiveCfg = Debug|Any CPU
		{A1B2C3D4-1111-2222-3333-444455556666}.Debug|x64.Build.0 = Debug|Any CPU
		{A1B2C3D4-1111-2222-3333-444455556666}.Debug|x86.ActiveCfg = Debug|Any CPU
		{A1B2C3D4-1111-2222-3333-444455556666}.Debug|x86.Build.0 = Debug|Any CPU
		{A1B2C3D4-1111-2222-3333-444455556666}.Release|Any CPU.ActiveCfg = Release|Any CPU
		{A1B2C3D4-1111-2222-3333-444455556666}.Release|Any CPU.Build.0 = Release|Any CPU
		{A1B2C3D4-1111-2222-3333-444455556666}.Release|x64.ActiveCfg = Release|x64
		{A1B2C3D4-1111-2222-3333-444455556666}.Release|x64.Build.0 = Release|x64
		{A1B2C3D4-1111-2222-3333-444455556666}.Release|x86.ActiveCfg = Release|Any CPU
		{A1B2C3D4-1111-2222-3333-444455556666}.Release|x86.Build.0 = Release|Any CPU
		{C2D3E4F5-3333-4444-5555-666677778888}.Debug|Any CPU.ActiveCfg = Debug|Any CPU
		{C2D3E4F5-3333-4444-5555-666677778888}.Debug|Any CPU.Build.0 = Debug|Any CPU
		{C2D3E4F5-3333-4444-5555-666677778888}.Debug|x64.ActiveCfg = Debug|Any CPU
		{C2D3E4F5-3333-4444-5555-666677778888}.Debug|x64.Build.0 = Debug|Any CPU
		{C2D3E4F5-3333-4444-5555-666677778888}.Debug|x86.ActiveCfg = Debug|Any CPU
		{C2D3E4F5-3333-4444-5555-666677778888}.Debug|x86.Build.0 = Debug|Any CPU
		{C2D3E4F5-3333-4444-5555-666677778888}.Release|Any CPU.ActiveCfg = Release|Any CPU
		{C2D3E4F5-3333-4444-5555-666677778888}.Release|Any CPU.Build.0 = Release|Any CPU
		{C2D3E4F5-3333-4444-5555-666677778888}.Release|x64.ActiveCfg = Release|x64
		{C2D3E4F5-3333-4444-5555-666677778888}.Release|x64.Build.0 = Release|x64
		{C2D3E4F5-3333-4444-5555-666677778888}.Release|x86.ActiveCfg = Release|Any CPU
		{C2D3E4F5-3333-4444-5555-666677778888}.Release|x86.Build.0 = Release|Any CPU
		{E5F6A7B8-5555-6666-7777-888899990000}.Debug|Any CPU.ActiveCfg = Debug|Any CPU
		{E5F6A7B8-5555-6666-7777-888899990000}.Debug|Any CPU.Build.0 = Debug|Any CPU
		{E5F6A7B8-5555-6666-7777-888899990000}.Debug|x64.ActiveCfg = Debug|Any CPU
		{E5F6A7B8-5555-6666-7777-888899990000}.Debug|x64.Build.0 = Debug|Any CPU
		{E5F6A7B8-5555-6666-7777-888899990000}.Debug|x86.ActiveCfg = Debug|Any CPU
		{E5F6A7B8-5555-6666-7777-888899990000}.Debug|x86.Build.0 = Debug|Any CPU
		{E5F6A7B8-5555-6666-7777-888899990000}.Release|Any CPU.ActiveCfg = Release|Any CPU
		{E5F6A7B8-5555-6666-7777-888899990000}.Release|Any CPU.Build.0 = Release|Any CPU
		{E5F6A7B8-5555-6666-7777-888899990000}.Release|x64.ActiveCfg = Release|x64
		{E5F6A7B8-5555-6666-7777-888899990000}.Release|x64.Build.0 = Release|x64
		{E5F6A7B8-5555-6666-7777-888899990000}.Release|x86.ActiveCfg = Release|Any CPU
		{E5F6A7B8-5555-6666-7777-888899990000}.Release|x86.Build.0 = Release|Any CPU
		{D3E4F5A6-4444-5555-6666-777788889999}.Debug|Any CPU.ActiveCfg = Debug|Any CPU
		{D3E4F5A6-4444-5555-6666-777788889999}.Debug|Any CPU.Build.0 = Debug|Any CPU
		{D3E4F5A6-4444-5555-6666-777788889999}.Debug|x64.ActiveCfg = Debug|Any CPU
		{D3E4F5A6-4444-5555-6666-777788889999}.Debug|x64.Build.0 = Debug|Any CPU
		{D3E4F5A6-4444-5555-6666-777788889999}.Debug|x86.ActiveCfg = Debug|Any CPU
		{D3E4F5A6-4444-5555-6666-777788889999}.Debug|x86.Build.0 = Debug|Any CPU
		{D3E4F5A6-4444-5555-6666-777788889999}.Release|Any CPU.ActiveCfg = Release|Any CPU
		{D3E4F5A6-4444-5555-6666-777788889999}.Release|Any CPU.Build.0 = Release|Any CPU
		{D3E4F5A6-4444-5555-6666-777788889999}.Release|x64.ActiveCfg = Release|x64
		{D3E4F5A6-4444-5555-6666-777788889999}.Release|x64.Build.0 = Release|x64
		{D3E4F5A6-4444-5555-6666-777788889999}.Release|x86.ActiveCfg = Release|Any CPU
		{D3E4F5A6-4444-5555-6666-777788889999}.Release|x86.Build.0 = Release|Any CPU
	EndGlobalSection
	GlobalSection(SolutionProperties) = preSolution
		HideSolutionNode = FALSE
	EndGlobalSection
	GlobalSection(NestedProjects) = preSolution
		{5E094FAA-43C7-3D07-BAB3-3260531500CA} = {0E9D71F1-5678-54DC-77CD-11FF0BA0EA66}
		{7B94C0EE-4B9B-4045-533E-0FA97D0ECAF3} = {5E094FAA-43C7-3D07-BAB3-3260531500CA}
		{DD8DAB2C-F869-35F8-4D32-33D7CE6F2224} = {7B94C0EE-4B9B-4045-533E-0FA97D0ECAF3}
		{B2C3D4E5-2222-3333-4444-555566667777} = {DD8DAB2C-F869-35F8-4D32-33D7CE6F2224}
		{C3D4E5F6-3333-4444-5555-666677778888} = {DD8DAB2C-F869-35F8-4D32-33D7CE6F2224}
		{D4E5F6A7-4444-5555-6666-777788889999} = {DD8DAB2C-F869-35F8-4D32-33D7CE6F2224}
		{A1B2C3D4-1111-2222-3333-444455556666} = {5E094FAA-43C7-3D07-BAB3-3260531500CA}
		{C2D3E4F5-3333-4444-5555-666677778888} = {5E094FAA-43C7-3D07-BAB3-3260531500CA}
		{1E154EDD-EB29-E9C2-826E-B45421868A1E} = {0E9D71F1-5678-54DC-77CD-11FF0BA0EA66}
		{8823635A-11F2-8853-0E13-2F50412DFD9B} = {1E154EDD-EB29-E9C2-826E-B45421868A1E}
		{33CB4B5D-F133-86A3-2DB5-6876CD873051} = {8823635A-11F2-8853-0E13-2F50412DFD9B}
		{E5F6A7B8-5555-6666-7777-888899990000} = {33CB4B5D-F133-86A3-2DB5-6876CD873051}
		{D3E4F5A6-4444-5555-6666-777788889999} = {33CB4B5D-F133-86A3-2DB5-6876CD873051}
	EndGlobalSection
EndGlobal
